// !$*UTF8*$!
{
	archiveVersion = 1;
	classes = {
	};
	objectVersion = 46;
	objects = {

/* Begin PBXBuildFile section */
		4E199147398EA5DE7004C36E /* libPods-LayerPhoto.a in Frameworks */ = {isa = PBXBuildFile; fileRef = 69945764C5854378412D2499 /* libPods-LayerPhoto.a */; };
		D66C2D041A0ED8AB00AD8616 /* layer.png in Resources */ = {isa = PBXBuildFile; fileRef = D66C2D031A0ED8AB00AD8616 /* layer.png */; };
		D68A39361A0EC748009E8ECE /* SendMessageViewController.m in Sources */ = {isa = PBXBuildFile; fileRef = D68A39351A0EC748009E8ECE /* SendMessageViewController.m */; };
		D68A393A1A0ECC6B009E8ECE /* inbox@2x.png in Resources */ = {isa = PBXBuildFile; fileRef = D68A39391A0ECC6B009E8ECE /* inbox@2x.png */; };
		D68A39401A0ECDC4009E8ECE /* ReceiveMessageViewController.m in Sources */ = {isa = PBXBuildFile; fileRef = D68A393F1A0ECDC4009E8ECE /* ReceiveMessageViewController.m */; };
		D68A39431A0ECFC9009E8ECE /* LoginViewController.m in Sources */ = {isa = PBXBuildFile; fileRef = D68A39421A0ECFC9009E8ECE /* LoginViewController.m */; };
		D6ED790B1A0EC3C3006A2FCD /* main.m in Sources */ = {isa = PBXBuildFile; fileRef = D6ED790A1A0EC3C3006A2FCD /* main.m */; };
		D6ED790E1A0EC3C3006A2FCD /* AppDelegate.m in Sources */ = {isa = PBXBuildFile; fileRef = D6ED790D1A0EC3C3006A2FCD /* AppDelegate.m */; };
		D6ED79141A0EC3C3006A2FCD /* Main.storyboard in Resources */ = {isa = PBXBuildFile; fileRef = D6ED79121A0EC3C3006A2FCD /* Main.storyboard */; };
		D6ED79161A0EC3C3006A2FCD /* Images.xcassets in Resources */ = {isa = PBXBuildFile; fileRef = D6ED79151A0EC3C3006A2FCD /* Images.xcassets */; };
		D6ED79191A0EC3C3006A2FCD /* LaunchScreen.xib in Resources */ = {isa = PBXBuildFile; fileRef = D6ED79171A0EC3C3006A2FCD /* LaunchScreen.xib */; };
		D6ED79251A0EC3C3006A2FCD /* LayerPhotoTests.m in Sources */ = {isa = PBXBuildFile; fileRef = D6ED79241A0EC3C3006A2FCD /* LayerPhotoTests.m */; };
/* End PBXBuildFile section */

/* Begin PBXContainerItemProxy section */
		D6ED791F1A0EC3C3006A2FCD /* PBXContainerItemProxy */ = {
			isa = PBXContainerItemProxy;
			containerPortal = D6ED78FD1A0EC3C3006A2FCD /* Project object */;
			proxyType = 1;
			remoteGlobalIDString = D6ED79041A0EC3C3006A2FCD;
			remoteInfo = LayerPhoto;
		};
/* End PBXContainerItemProxy section */

/* Begin PBXFileReference section */
		2D3ADB2B8077144960CB54A5 /* Pods-LayerPhoto.debug.xcconfig */ = {isa = PBXFileReference; includeInIndex = 1; lastKnownFileType = text.xcconfig; name = "Pods-LayerPhoto.debug.xcconfig"; path = "Pods/Target Support Files/Pods-LayerPhoto/Pods-LayerPhoto.debug.xcconfig"; sourceTree = "<group>"; };
		69945764C5854378412D2499 /* libPods-LayerPhoto.a */ = {isa = PBXFileReference; explicitFileType = archive.ar; includeInIndex = 0; path = "libPods-LayerPhoto.a"; sourceTree = BUILT_PRODUCTS_DIR; };
		9736588D1A7943E0F340EB87 /* Pods-LayerPhoto.release.xcconfig */ = {isa = PBXFileReference; includeInIndex = 1; lastKnownFileType = text.xcconfig; name = "Pods-LayerPhoto.release.xcconfig"; path = "Pods/Target Support Files/Pods-LayerPhoto/Pods-LayerPhoto.release.xcconfig"; sourceTree = "<group>"; };
		D66C2D031A0ED8AB00AD8616 /* layer.png */ = {isa = PBXFileReference; lastKnownFileType = image.png; path = layer.png; sourceTree = "<group>"; };
		D68A39341A0EC748009E8ECE /* SendMessageViewController.h */ = {isa = PBXFileReference; fileEncoding = 4; lastKnownFileType = sourcecode.c.h; path = SendMessageViewController.h; sourceTree = "<group>"; };
		D68A39351A0EC748009E8ECE /* SendMessageViewController.m */ = {isa = PBXFileReference; fileEncoding = 4; lastKnownFileType = sourcecode.c.objc; path = SendMessageViewController.m; sourceTree = "<group>"; };
		D68A39391A0ECC6B009E8ECE /* inbox@2x.png */ = {isa = PBXFileReference; lastKnownFileType = image.png; path = "inbox@2x.png"; sourceTree = "<group>"; };
		D68A393E1A0ECDC4009E8ECE /* ReceiveMessageViewController.h */ = {isa = PBXFileReference; fileEncoding = 4; lastKnownFileType = sourcecode.c.h; path = ReceiveMessageViewController.h; sourceTree = "<group>"; };
		D68A393F1A0ECDC4009E8ECE /* ReceiveMessageViewController.m */ = {isa = PBXFileReference; fileEncoding = 4; lastKnownFileType = sourcecode.c.objc; path = ReceiveMessageViewController.m; sourceTree = "<group>"; };
		D68A39411A0ECFC9009E8ECE /* LoginViewController.h */ = {isa = PBXFileReference; fileEncoding = 4; lastKnownFileType = sourcecode.c.h; path = LoginViewController.h; sourceTree = "<group>"; };
		D68A39421A0ECFC9009E8ECE /* LoginViewController.m */ = {isa = PBXFileReference; fileEncoding = 4; lastKnownFileType = sourcecode.c.objc; path = LoginViewController.m; sourceTree = "<group>"; };
		D6ED79051A0EC3C3006A2FCD /* LayerPhoto.app */ = {isa = PBXFileReference; explicitFileType = wrapper.application; includeInIndex = 0; path = LayerPhoto.app; sourceTree = BUILT_PRODUCTS_DIR; };
		D6ED79091A0EC3C3006A2FCD /* Info.plist */ = {isa = PBXFileReference; lastKnownFileType = text.plist.xml; path = Info.plist; sourceTree = "<group>"; };
		D6ED790A1A0EC3C3006A2FCD /* main.m */ = {isa = PBXFileReference; lastKnownFileType = sourcecode.c.objc; path = main.m; sourceTree = "<group>"; };
		D6ED790C1A0EC3C3006A2FCD /* AppDelegate.h */ = {isa = PBXFileReference; lastKnownFileType = sourcecode.c.h; path = AppDelegate.h; sourceTree = "<group>"; };
		D6ED790D1A0EC3C3006A2FCD /* AppDelegate.m */ = {isa = PBXFileReference; lastKnownFileType = sourcecode.c.objc; path = AppDelegate.m; sourceTree = "<group>"; };
		D6ED79131A0EC3C3006A2FCD /* Base */ = {isa = PBXFileReference; lastKnownFileType = file.storyboard; name = Base; path = Base.lproj/Main.storyboard; sourceTree = "<group>"; };
		D6ED79151A0EC3C3006A2FCD /* Images.xcassets */ = {isa = PBXFileReference; lastKnownFileType = folder.assetcatalog; path = Images.xcassets; sourceTree = "<group>"; };
		D6ED79181A0EC3C3006A2FCD /* Base */ = {isa = PBXFileReference; lastKnownFileType = file.xib; name = Base; path = Base.lproj/LaunchScreen.xib; sourceTree = "<group>"; };
		D6ED791E1A0EC3C3006A2FCD /* LayerPhotoTests.xctest */ = {isa = PBXFileReference; explicitFileType = wrapper.cfbundle; includeInIndex = 0; path = LayerPhotoTests.xctest; sourceTree = BUILT_PRODUCTS_DIR; };
		D6ED79231A0EC3C3006A2FCD /* Info.plist */ = {isa = PBXFileReference; lastKnownFileType = text.plist.xml; path = Info.plist; sourceTree = "<group>"; };
		D6ED79241A0EC3C3006A2FCD /* LayerPhotoTests.m */ = {isa = PBXFileReference; lastKnownFileType = sourcecode.c.objc; path = LayerPhotoTests.m; sourceTree = "<group>"; };
/* End PBXFileReference section */

/* Begin PBXFrameworksBuildPhase section */
		D6ED79021A0EC3C3006A2FCD /* Frameworks */ = {
			isa = PBXFrameworksBuildPhase;
			buildActionMask = 2147483647;
			files = (
				4E199147398EA5DE7004C36E /* libPods-LayerPhoto.a in Frameworks */,
			);
			runOnlyForDeploymentPostprocessing = 0;
		};
		D6ED791B1A0EC3C3006A2FCD /* Frameworks */ = {
			isa = PBXFrameworksBuildPhase;
			buildActionMask = 2147483647;
			files = (
			);
			runOnlyForDeploymentPostprocessing = 0;
		};
/* End PBXFrameworksBuildPhase section */

/* Begin PBXGroup section */
		0C62C9C3BE7DCE0862D81598 /* Pods */ = {
			isa = PBXGroup;
			children = (
				2D3ADB2B8077144960CB54A5 /* Pods-LayerPhoto.debug.xcconfig */,
				9736588D1A7943E0F340EB87 /* Pods-LayerPhoto.release.xcconfig */,
			);
			name = Pods;
			sourceTree = "<group>";
		};
		54E1127B0729B397CC002426 /* Frameworks */ = {
			isa = PBXGroup;
			children = (
				69945764C5854378412D2499 /* libPods-LayerPhoto.a */,
			);
			name = Frameworks;
			sourceTree = "<group>";
		};
		D6ED78FC1A0EC3C3006A2FCD = {
			isa = PBXGroup;
			children = (
				D6ED79071A0EC3C3006A2FCD /* LayerPhoto */,
				D6ED79211A0EC3C3006A2FCD /* LayerPhotoTests */,
				D6ED79061A0EC3C3006A2FCD /* Products */,
				0C62C9C3BE7DCE0862D81598 /* Pods */,
				54E1127B0729B397CC002426 /* Frameworks */,
			);
			sourceTree = "<group>";
		};
		D6ED79061A0EC3C3006A2FCD /* Products */ = {
			isa = PBXGroup;
			children = (
				D6ED79051A0EC3C3006A2FCD /* LayerPhoto.app */,
				D6ED791E1A0EC3C3006A2FCD /* LayerPhotoTests.xctest */,
			);
			name = Products;
			sourceTree = "<group>";
		};
		D6ED79071A0EC3C3006A2FCD /* LayerPhoto */ = {
			isa = PBXGroup;
			children = (
				D68A393E1A0ECDC4009E8ECE /* ReceiveMessageViewController.h */,
				D68A393F1A0ECDC4009E8ECE /* ReceiveMessageViewController.m */,
				D68A39341A0EC748009E8ECE /* SendMessageViewController.h */,
				D68A39351A0EC748009E8ECE /* SendMessageViewController.m */,
				D68A39411A0ECFC9009E8ECE /* LoginViewController.h */,
				D68A39421A0ECFC9009E8ECE /* LoginViewController.m */,
				D6ED790C1A0EC3C3006A2FCD /* AppDelegate.h */,
				D6ED790D1A0EC3C3006A2FCD /* AppDelegate.m */,
				D6ED79121A0EC3C3006A2FCD /* Main.storyboard */,
				D6ED79151A0EC3C3006A2FCD /* Images.xcassets */,
				D6ED79171A0EC3C3006A2FCD /* LaunchScreen.xib */,
				D6ED79081A0EC3C3006A2FCD /* Supporting Files */,
			);
			path = LayerPhoto;
			sourceTree = "<group>";
		};
		D6ED79081A0EC3C3006A2FCD /* Supporting Files */ = {
			isa = PBXGroup;
			children = (
				D66C2D031A0ED8AB00AD8616 /* layer.png */,
				D68A39391A0ECC6B009E8ECE /* inbox@2x.png */,
				D6ED79091A0EC3C3006A2FCD /* Info.plist */,
				D6ED790A1A0EC3C3006A2FCD /* main.m */,
			);
			name = "Supporting Files";
			sourceTree = "<group>";
		};
		D6ED79211A0EC3C3006A2FCD /* LayerPhotoTests */ = {
			isa = PBXGroup;
			children = (
				D6ED79241A0EC3C3006A2FCD /* LayerPhotoTests.m */,
				D6ED79221A0EC3C3006A2FCD /* Supporting Files */,
			);
			path = LayerPhotoTests;
			sourceTree = "<group>";
		};
		D6ED79221A0EC3C3006A2FCD /* Supporting Files */ = {
			isa = PBXGroup;
			children = (
				D6ED79231A0EC3C3006A2FCD /* Info.plist */,
			);
			name = "Supporting Files";
			sourceTree = "<group>";
		};
/* End PBXGroup section */

/* Begin PBXNativeTarget section */
		D6ED79041A0EC3C3006A2FCD /* LayerPhoto */ = {
			isa = PBXNativeTarget;
			buildConfigurationList = D6ED79281A0EC3C3006A2FCD /* Build configuration list for PBXNativeTarget "LayerPhoto" */;
			buildPhases = (
				B77A1341063FB29D956715D4 /* Check Pods Manifest.lock */,
				D6ED79011A0EC3C3006A2FCD /* Sources */,
				D6ED79021A0EC3C3006A2FCD /* Frameworks */,
				D6ED79031A0EC3C3006A2FCD /* Resources */,
				17249F49BF0CD3300FD06B5A /* Copy Pods Resources */,
			);
			buildRules = (
			);
			dependencies = (
			);
			name = LayerPhoto;
			productName = LayerPhoto;
			productReference = D6ED79051A0EC3C3006A2FCD /* LayerPhoto.app */;
			productType = "com.apple.product-type.application";
		};
		D6ED791D1A0EC3C3006A2FCD /* LayerPhotoTests */ = {
			isa = PBXNativeTarget;
			buildConfigurationList = D6ED792B1A0EC3C3006A2FCD /* Build configuration list for PBXNativeTarget "LayerPhotoTests" */;
			buildPhases = (
				D6ED791A1A0EC3C3006A2FCD /* Sources */,
				D6ED791B1A0EC3C3006A2FCD /* Frameworks */,
				D6ED791C1A0EC3C3006A2FCD /* Resources */,
			);
			buildRules = (
			);
			dependencies = (
				D6ED79201A0EC3C3006A2FCD /* PBXTargetDependency */,
			);
			name = LayerPhotoTests;
			productName = LayerPhotoTests;
			productReference = D6ED791E1A0EC3C3006A2FCD /* LayerPhotoTests.xctest */;
			productType = "com.apple.product-type.bundle.unit-test";
		};
/* End PBXNativeTarget section */

/* Begin PBXProject section */
		D6ED78FD1A0EC3C3006A2FCD /* Project object */ = {
			isa = PBXProject;
			attributes = {
				LastUpgradeCheck = 0610;
				ORGANIZATIONNAME = Layer;
				TargetAttributes = {
					D6ED79041A0EC3C3006A2FCD = {
						CreatedOnToolsVersion = 6.1;
					};
					D6ED791D1A0EC3C3006A2FCD = {
						CreatedOnToolsVersion = 6.1;
						TestTargetID = D6ED79041A0EC3C3006A2FCD;
					};
				};
			};
			buildConfigurationList = D6ED79001A0EC3C3006A2FCD /* Build configuration list for PBXProject "LayerPhoto" */;
			compatibilityVersion = "Xcode 3.2";
			developmentRegion = English;
			hasScannedForEncodings = 0;
			knownRegions = (
				en,
				Base,
			);
			mainGroup = D6ED78FC1A0EC3C3006A2FCD;
			productRefGroup = D6ED79061A0EC3C3006A2FCD /* Products */;
			projectDirPath = "";
			projectRoot = "";
			targets = (
				D6ED79041A0EC3C3006A2FCD /* LayerPhoto */,
				D6ED791D1A0EC3C3006A2FCD /* LayerPhotoTests */,
			);
		};
/* End PBXProject section */

/* Begin PBXResourcesBuildPhase section */
		D6ED79031A0EC3C3006A2FCD /* Resources */ = {
			isa = PBXResourcesBuildPhase;
			buildActionMask = 2147483647;
			files = (
				D6ED79141A0EC3C3006A2FCD /* Main.storyboard in Resources */,
				D68A393A1A0ECC6B009E8ECE /* inbox@2x.png in Resources */,
				D6ED79191A0EC3C3006A2FCD /* LaunchScreen.xib in Resources */,
				D6ED79161A0EC3C3006A2FCD /* Images.xcassets in Resources */,
				D66C2D041A0ED8AB00AD8616 /* layer.png in Resources */,
			);
			runOnlyForDeploymentPostprocessing = 0;
		};
		D6ED791C1A0EC3C3006A2FCD /* Resources */ = {
			isa = PBXResourcesBuildPhase;
			buildActionMask = 2147483647;
			files = (
			);
			runOnlyForDeploymentPostprocessing = 0;
		};
/* End PBXResourcesBuildPhase section */

/* Begin PBXShellScriptBuildPhase section */
		17249F49BF0CD3300FD06B5A /* Copy Pods Resources */ = {
			isa = PBXShellScriptBuildPhase;
			buildActionMask = 2147483647;
			files = (
			);
			inputPaths = (
			);
			name = "Copy Pods Resources";
			outputPaths = (
			);
			runOnlyForDeploymentPostprocessing = 0;
			shellPath = /bin/sh;
			shellScript = "\"${SRCROOT}/Pods/Target Support Files/Pods-LayerPhoto/Pods-LayerPhoto-resources.sh\"\n";
			showEnvVarsInLog = 0;
		};
		B77A1341063FB29D956715D4 /* Check Pods Manifest.lock */ = {
			isa = PBXShellScriptBuildPhase;
			buildActionMask = 2147483647;
			files = (
			);
			inputPaths = (
			);
			name = "Check Pods Manifest.lock";
			outputPaths = (
			);
			runOnlyForDeploymentPostprocessing = 0;
			shellPath = /bin/sh;
			shellScript = "diff \"${PODS_ROOT}/../Podfile.lock\" \"${PODS_ROOT}/Manifest.lock\" > /dev/null\nif [[ $? != 0 ]] ; then\n    cat << EOM\nerror: The sandbox is not in sync with the Podfile.lock. Run 'pod install' or update your CocoaPods installation.\nEOM\n    exit 1\nfi\n";
			showEnvVarsInLog = 0;
		};
/* End PBXShellScriptBuildPhase section */

/* Begin PBXSourcesBuildPhase section */
		D6ED79011A0EC3C3006A2FCD /* Sources */ = {
			isa = PBXSourcesBuildPhase;
			buildActionMask = 2147483647;
			files = (
				D68A39401A0ECDC4009E8ECE /* ReceiveMessageViewController.m in Sources */,
				D68A39361A0EC748009E8ECE /* SendMessageViewController.m in Sources */,
				D6ED790E1A0EC3C3006A2FCD /* AppDelegate.m in Sources */,
				D6ED790B1A0EC3C3006A2FCD /* main.m in Sources */,
				D68A39431A0ECFC9009E8ECE /* LoginViewController.m in Sources */,
			);
			runOnlyForDeploymentPostprocessing = 0;
		};
		D6ED791A1A0EC3C3006A2FCD /* Sources */ = {
			isa = PBXSourcesBuildPhase;
			buildActionMask = 2147483647;
			files = (
				D6ED79251A0EC3C3006A2FCD /* LayerPhotoTests.m in Sources */,
			);
			runOnlyForDeploymentPostprocessing = 0;
		};
/* End PBXSourcesBuildPhase section */

/* Begin PBXTargetDependency section */
		D6ED79201A0EC3C3006A2FCD /* PBXTargetDependency */ = {
			isa = PBXTargetDependency;
			target = D6ED79041A0EC3C3006A2FCD /* LayerPhoto */;
			targetProxy = D6ED791F1A0EC3C3006A2FCD /* PBXContainerItemProxy */;
		};
/* End PBXTargetDependency section */

/* Begin PBXVariantGroup section */
		D6ED79121A0EC3C3006A2FCD /* Main.storyboard */ = {
			isa = PBXVariantGroup;
			children = (
				D6ED79131A0EC3C3006A2FCD /* Base */,
			);
			name = Main.storyboard;
			sourceTree = "<group>";
		};
		D6ED79171A0EC3C3006A2FCD /* LaunchScreen.xib */ = {
			isa = PBXVariantGroup;
			children = (
				D6ED79181A0EC3C3006A2FCD /* Base */,
			);
			name = LaunchScreen.xib;
			sourceTree = "<group>";
		};
/* End PBXVariantGroup section */

/* Begin XCBuildConfiguration section */
		D6ED79261A0EC3C3006A2FCD /* Debug */ = {
			isa = XCBuildConfiguration;
			buildSettings = {
				ALWAYS_SEARCH_USER_PATHS = NO;
				CLANG_CXX_LANGUAGE_STANDARD = "gnu++0x";
				CLANG_CXX_LIBRARY = "libc++";
				CLANG_ENABLE_MODULES = YES;
				CLANG_ENABLE_OBJC_ARC = YES;
				CLANG_WARN_BOOL_CONVERSION = YES;
				CLANG_WARN_CONSTANT_CONVERSION = YES;
				CLANG_WARN_DIRECT_OBJC_ISA_USAGE = YES_ERROR;
				CLANG_WARN_EMPTY_BODY = YES;
				CLANG_WARN_ENUM_CONVERSION = YES;
				CLANG_WARN_INT_CONVERSION = YES;
				CLANG_WARN_OBJC_ROOT_CLASS = YES_ERROR;
				CLANG_WARN_UNREACHABLE_CODE = YES;
				CLANG_WARN__DUPLICATE_METHOD_MATCH = YES;
				"CODE_SIGN_IDENTITY[sdk=iphoneos*]" = "iPhone Developer";
				COPY_PHASE_STRIP = NO;
				ENABLE_STRICT_OBJC_MSGSEND = YES;
				GCC_C_LANGUAGE_STANDARD = gnu99;
				GCC_DYNAMIC_NO_PIC = NO;
				GCC_OPTIMIZATION_LEVEL = 0;
				GCC_PREPROCESSOR_DEFINITIONS = (
					"DEBUG=1",
					"$(inherited)",
				);
				GCC_SYMBOLS_PRIVATE_EXTERN = NO;
				GCC_WARN_64_TO_32_BIT_CONVERSION = YES;
				GCC_WARN_ABOUT_RETURN_TYPE = YES_ERROR;
				GCC_WARN_UNDECLARED_SELECTOR = YES;
				GCC_WARN_UNINITIALIZED_AUTOS = YES_AGGRESSIVE;
				GCC_WARN_UNUSED_FUNCTION = YES;
				GCC_WARN_UNUSED_VARIABLE = YES;
				IPHONEOS_DEPLOYMENT_TARGET = 8.1;
				MTL_ENABLE_DEBUG_INFO = YES;
				ONLY_ACTIVE_ARCH = YES;
				SDKROOT = iphoneos;
				TARGETED_DEVICE_FAMILY = "1,2";
			};
			name = Debug;
		};
		D6ED79271A0EC3C3006A2FCD /* Release */ = {
			isa = XCBuildConfiguration;
			buildSettings = {
				ALWAYS_SEARCH_USER_PATHS = NO;
				CLANG_CXX_LANGUAGE_STANDARD = "gnu++0x";
				CLANG_CXX_LIBRARY = "libc++";
				CLANG_ENABLE_MODULES = YES;
				CLANG_ENABLE_OBJC_ARC = YES;
				CLANG_WARN_BOOL_CONVERSION = YES;
				CLANG_WARN_CONSTANT_CONVERSION = YES;
				CLANG_WARN_DIRECT_OBJC_ISA_USAGE = YES_ERROR;
				CLANG_WARN_EMPTY_BODY = YES;
				CLANG_WARN_ENUM_CONVERSION = YES;
				CLANG_WARN_INT_CONVERSION = YES;
				CLANG_WARN_OBJC_ROOT_CLASS = YES_ERROR;
				CLANG_WARN_UNREACHABLE_CODE = YES;
				CLANG_WARN__DUPLICATE_METHOD_MATCH = YES;
				"CODE_SIGN_IDENTITY[sdk=iphoneos*]" = "iPhone Developer";
				COPY_PHASE_STRIP = YES;
				ENABLE_NS_ASSERTIONS = NO;
				ENABLE_STRICT_OBJC_MSGSEND = YES;
				GCC_C_LANGUAGE_STANDARD = gnu99;
				GCC_WARN_64_TO_32_BIT_CONVERSION = YES;
				GCC_WARN_ABOUT_RETURN_TYPE = YES_ERROR;
				GCC_WARN_UNDECLARED_SELECTOR = YES;
				GCC_WARN_UNINITIALIZED_AUTOS = YES_AGGRESSIVE;
				GCC_WARN_UNUSED_FUNCTION = YES;
				GCC_WARN_UNUSED_VARIABLE = YES;
				IPHONEOS_DEPLOYMENT_TARGET = 8.1;
				MTL_ENABLE_DEBUG_INFO = NO;
				SDKROOT = iphoneos;
				TARGETED_DEVICE_FAMILY = "1,2";
				VALIDATE_PRODUCT = YES;
			};
			name = Release;
		};
		D6ED79291A0EC3C3006A2FCD /* Debug */ = {
			isa = XCBuildConfiguration;
			baseConfigurationReference = 2D3ADB2B8077144960CB54A5 /* Pods-LayerPhoto.debug.xcconfig */;
			buildSettings = {
				ASSETCATALOG_COMPILER_APPICON_NAME = AppIcon;
				INFOPLIST_FILE = LayerPhoto/Info.plist;
				LD_RUNPATH_SEARCH_PATHS = "$(inherited) @executable_path/Frameworks";
				PRODUCT_NAME = "$(TARGET_NAME)";
			};
			name = Debug;
		};
		D6ED792A1A0EC3C3006A2FCD /* Release */ = {
			isa = XCBuildConfiguration;
			baseConfigurationReference = 9736588D1A7943E0F340EB87 /* Pods-LayerPhoto.release.xcconfig */;
			buildSettings = {
				ASSETCATALOG_COMPILER_APPICON_NAME = AppIcon;
				INFOPLIST_FILE = LayerPhoto/Info.plist;
				LD_RUNPATH_SEARCH_PATHS = "$(inherited) @executable_path/Frameworks";
				PRODUCT_NAME = "$(TARGET_NAME)";
			};
			name = Release;
		};
		D6ED792C1A0EC3C3006A2FCD /* Debug */ = {
			isa = XCBuildConfiguration;
			buildSettings = {
				BUNDLE_LOADER = "$(TEST_HOST)";
				FRAMEWORK_SEARCH_PATHS = (
					"$(SDKROOT)/Developer/Library/Frameworks",
					"$(inherited)",
				);
				GCC_PREPROCESSOR_DEFINITIONS = (
					"DEBUG=1",
					"$(inherited)",
				);
				INFOPLIST_FILE = LayerPhotoTests/Info.plist;
				LD_RUNPATH_SEARCH_PATHS = "$(inherited) @executable_path/Frameworks @loader_path/Frameworks";
				PRODUCT_NAME = "$(TARGET_NAME)";
				TEST_HOST = "$(BUILT_PRODUCTS_DIR)/LayerPhoto.app/LayerPhoto";
			};
			name = Debug;
		};
		D6ED792D1A0EC3C3006A2FCD /* Release */ = {
			isa = XCBuildConfiguration;
			buildSettings = {
				BUNDLE_LOADER = "$(TEST_HOST)";
				FRAMEWORK_SEARCH_PATHS = (
					"$(SDKROOT)/Developer/Library/Frameworks",
					"$(inherited)",
				);
				INFOPLIST_FILE = LayerPhotoTests/Info.plist;
				LD_RUNPATH_SEARCH_PATHS = "$(inherited) @executable_path/Frameworks @loader_path/Frameworks";
				PRODUCT_NAME = "$(TARGET_NAME)";
				TEST_HOST = "$(BUILT_PRODUCTS_DIR)/LayerPhoto.app/LayerPhoto";
			};
			name = Release;
		};
/* End XCBuildConfiguration section */

/* Begin XCConfigurationList section */
		D6ED79001A0EC3C3006A2FCD /* Build configuration list for PBXProject "LayerPhoto" */ = {
			isa = XCConfigurationList;
			buildConfigurations = (
				D6ED79261A0EC3C3006A2FCD /* Debug */,
				D6ED79271A0EC3C3006A2FCD /* Release */,
			);
			defaultConfigurationIsVisible = 0;
			defaultConfigurationName = Release;
		};
		D6ED79281A0EC3C3006A2FCD /* Build configuration list for PBXNativeTarget "LayerPhoto" */ = {
			isa = XCConfigurationList;
			buildConfigurations = (
				D6ED79291A0EC3C3006A2FCD /* Debug */,
				D6ED792A1A0EC3C3006A2FCD /* Release */,
			);
			defaultConfigurationIsVisible = 0;
			defaultConfigurationName = Release;
		};
		D6ED792B1A0EC3C3006A2FCD /* Build configuration list for PBXNativeTarget "LayerPhotoTests" */ = {
			isa = XCConfigurationList;
			buildConfigurations = (
				D6ED792C1A0EC3C3006A2FCD /* Debug */,
				D6ED792D1A0EC3C3006A2FCD /* Release */,
			);
			defaultConfigurationIsVisible = 0;
			defaultConfigurationName = Release;
		};
/* End XCConfigurationList section */
	};
	rootObject = D6ED78FD1A0EC3C3006A2FCD /* Project object */;
}
